{
  "object": {
    "pins": [
      {
        "package": "Alamofire",
        "repositoryURL": "https://github.com/Alamofire/Alamofire.git",
        "state": {
          "branch": "master",
          "revision": "fd87f7ce7461197ea5af6e4a865168b8fc913ee0",
          "version": null
        }
      },
      {
        "package": "SVGView",
        "repositoryURL": "https://github.com/exyte/SVGView.git",
        "state": {
          "branch": "main",
          "revision": "b2f2b2a7b576604ad17c11b3af33c27992bc5bcf",
          "version": null
        }
      }
    ]
  },
  "version": 1
}
